
Microsoft Visual Studio Solution File, Format Version 12.00
# Visual Studio 15
VisualStudioVersion = 15.0.28307.168
MinimumVisualStudioVersion = 10.0.40219.1
Project("{FAE04EC0-301F-11D3-BF4B-00C04F79EFBC}") = "TCA6416Api", "TCA6416Api\TCA6416Api.csproj", "{9CD44189-F839-4B39-A500-6B1CBD18C19F}"
EndProject
Project("{FAE04EC0-301F-11D3-BF4B-00C04F79EFBC}") = "TCA6416TesterApp", "TCA6416TesterApp\TCA6416TesterApp.csproj", "{47D2910A-780D-4C15-AF3F-74389531746C}"
EndProject
Project("{FAE04EC0-301F-11D3-BF4B-00C04F79EFBC}") = "I2CBase", "I2CBase\I2CBase.csproj", "{DB1CD1F1-B463-4E76-B8CD-6F592507CE36}"
EndProject
Global
	GlobalSection(SolutionConfigurationPlatforms) = preSolution
		Debug|Any CPU = Debug|Any CPU
		Release|Any CPU = Release|Any CPU
	EndGlobalSection
	GlobalSection(ProjectConfigurationPlatforms) = postSolution
		{9CD44189-F839-4B39-A500-6B1CBD18C19F}.Debug|Any CPU.ActiveCfg = Debug|Any CPU
		{9CD44189-F839-4B39-A500-6B1CBD18C19F}.Debug|Any CPU.Build.0 = Debug|Any CPU
		{9CD44189-F839-4B39-A500-6B1CBD18C19F}.Release|Any CPU.ActiveCfg = Release|Any CPU
		{9CD44189-F839-4B39-A500-6B1CBD18C19F}.Release|Any CPU.Build.0 = Release|Any CPU
		{47D2910A-780D-4C15-AF3F-74389531746C}.Debug|Any CPU.ActiveCfg = Debug|Any CPU
		{47D2910A-780D-4C15-AF3F-74389531746C}.Debug|Any CPU.Build.0 = Debug|Any CPU
		{47D2910A-780D-4C15-AF3F-74389531746C}.Release|Any CPU.ActiveCfg = Release|Any CPU
		{47D2910A-780D-4C15-AF3F-74389531746C}.Release|Any CPU.Build.0 = Release|Any CPU
		{DB1CD1F1-B463-4E76-B8CD-6F592507CE36}.Debug|Any CPU.ActiveCfg = Debug|Any CPU
		{DB1CD1F1-B463-4E76-B8CD-6F592507CE36}.Debug|Any CPU.Build.0 = Debug|Any CPU
		{DB1CD1F1-B463-4E76-B8CD-6F592507CE36}.Release|Any CPU.ActiveCfg = Release|Any CPU
		{DB1CD1F1-B463-4E76-B8CD-6F592507CE36}.Release|Any CPU.Build.0 = Release|Any CPU
	EndGlobalSection
	GlobalSection(SolutionProperties) = preSolution
		HideSolutionNode = FALSE
	EndGlobalSection
	GlobalSection(ExtensibilityGlobals) = postSolution
		SolutionGuid = {B46FDD86-348A-49BE-8559-C106F58BEFC0}
	EndGlobalSection
EndGlobal
